{
    "version": 3,
    "terraform_version": "0.11.13",
    "serial": 54,
    "lineage": "6a3164a1-3f3e-58c8-7323-5c10dd0571f2",
    "modules": [
        {
            "path": [
                "root"
            ],
            "outputs": {
                "outputpublicdns": {
                    "sensitive": false,
                    "type": "string",
                    "value": "63.33.154.248"
                }
            },
            "resources": {
                "aws_eip.dulaeip": {
                    "type": "aws_eip",
                    "depends_on": [
                        "aws_instance.dulajenkinsserver",
                        "aws_internet_gateway.gw"
                    ],
                    "primary": {
                        "id": "eipalloc-00703a6eedf356121",
                        "attributes": {
                            "associate_with_private_ip": "10.0.1.34",
                            "association_id": "eipassoc-0769c06682e3147eb",
                            "domain": "vpc",
                            "id": "eipalloc-00703a6eedf356121",
                            "instance": "i-037a51fe7a4da770a",
                            "network_interface": "eni-09cdc271a509ddc0e",
                            "private_dns": "ip-10-0-1-34.eu-west-1.compute.internal",
                            "private_ip": "10.0.1.34",
                            "public_dns": "ec2-63-33-154-248.eu-west-1.compute.amazonaws.com",
                            "public_ip": "63.33.154.248",
                            "public_ipv4_pool": "amazon",
                            "tags.%": "0",
                            "vpc": "true"
                        },
                        "meta": {
                            "e2bfb730-ecaa-11e6-8f88-34363bc7c4c0": {
                                "delete": 180000000000,
                                "read": 900000000000,
                                "update": 300000000000
                            }
                        },
                        "tainted": false
                    },
                    "deposed": [],
                    "provider": "provider.aws"
                },
                "aws_instance.dulajenkinsserver": {
                    "type": "aws_instance",
                    "depends_on": [
                        "aws_key_pair.my-key",
                        "aws_security_group.allow_outgoing",
                        "aws_subnet.main"
                    ],
                    "primary": {
                        "id": "i-037a51fe7a4da770a",
                        "attributes": {
                            "ami": "ami-08935252a36e25f85",
                            "arn": "arn:aws:ec2:eu-west-1:969613056480:instance/i-037a51fe7a4da770a",
                            "associate_public_ip_address": "true",
                            "availability_zone": "eu-west-1c",
                            "cpu_core_count": "1",
                            "cpu_threads_per_core": "1",
                            "credit_specification.#": "1",
                            "credit_specification.0.cpu_credits": "standard",
                            "disable_api_termination": "false",
                            "ebs_block_device.#": "0",
                            "ebs_optimized": "false",
                            "ephemeral_block_device.#": "0",
                            "get_password_data": "false",
                            "iam_instance_profile": "",
                            "id": "i-037a51fe7a4da770a",
                            "instance_state": "running",
                            "instance_type": "t2.micro",
                            "ipv6_addresses.#": "0",
                            "key_name": "my-key",
                            "monitoring": "false",
                            "network_interface.#": "0",
                            "password_data": "",
                            "placement_group": "",
                            "primary_network_interface_id": "eni-09cdc271a509ddc0e",
                            "private_dns": "ip-10-0-1-34.eu-west-1.compute.internal",
                            "private_ip": "10.0.1.34",
                            "public_dns": "ec2-34-251-210-186.eu-west-1.compute.amazonaws.com",
                            "public_ip": "34.251.210.186",
                            "root_block_device.#": "1",
                            "root_block_device.0.delete_on_termination": "true",
                            "root_block_device.0.iops": "100",
                            "root_block_device.0.volume_id": "vol-05059319e609cfb45",
                            "root_block_device.0.volume_size": "8",
                            "root_block_device.0.volume_type": "gp2",
                            "security_groups.#": "0",
                            "source_dest_check": "true",
                            "subnet_id": "subnet-0943024a0b6731682",
                            "tags.%": "1",
                            "tags.Name": "DulaJenkinsServer",
                            "tenancy": "default",
                            "volume_tags.%": "0",
                            "vpc_security_group_ids.#": "1",
                            "vpc_security_group_ids.4207895921": "sg-001d29fac0478f127"
                        },
                        "meta": {
                            "e2bfb730-ecaa-11e6-8f88-34363bc7c4c0": {
                                "create": 600000000000,
                                "delete": 1200000000000,
                                "update": 600000000000
                            },
                            "schema_version": "1"
                        },
                        "tainted": false
                    },
                    "deposed": [],
                    "provider": "provider.aws"
                },
                "aws_instance.dulajenkinsslave": {
                    "type": "aws_instance",
                    "depends_on": [
                        "aws_key_pair.my-key",
                        "aws_security_group.allow_outgoing",
                        "aws_subnet.main"
                    ],
                    "primary": {
                        "id": "i-06cf7c384853cd1b8",
                        "attributes": {
                            "ami": "ami-08935252a36e25f85",
                            "arn": "arn:aws:ec2:eu-west-1:969613056480:instance/i-06cf7c384853cd1b8",
                            "associate_public_ip_address": "true",
                            "availability_zone": "eu-west-1c",
                            "cpu_core_count": "1",
                            "cpu_threads_per_core": "1",
                            "credit_specification.#": "1",
                            "credit_specification.0.cpu_credits": "standard",
                            "disable_api_termination": "false",
                            "ebs_block_device.#": "0",
                            "ebs_optimized": "false",
                            "ephemeral_block_device.#": "0",
                            "get_password_data": "false",
                            "iam_instance_profile": "",
                            "id": "i-06cf7c384853cd1b8",
                            "instance_state": "running",
                            "instance_type": "t2.micro",
                            "ipv6_addresses.#": "0",
                            "key_name": "my-key",
                            "monitoring": "false",
                            "network_interface.#": "0",
                            "password_data": "",
                            "placement_group": "",
                            "primary_network_interface_id": "eni-0d3bd7afd6f79d5bb",
                            "private_dns": "ip-10-0-1-222.eu-west-1.compute.internal",
                            "private_ip": "10.0.1.222",
                            "public_dns": "ec2-52-210-94-105.eu-west-1.compute.amazonaws.com",
                            "public_ip": "52.210.94.105",
                            "root_block_device.#": "1",
                            "root_block_device.0.delete_on_termination": "true",
                            "root_block_device.0.iops": "100",
                            "root_block_device.0.volume_id": "vol-053677c37dbc60204",
                            "root_block_device.0.volume_size": "8",
                            "root_block_device.0.volume_type": "gp2",
                            "security_groups.#": "0",
                            "source_dest_check": "true",
                            "subnet_id": "subnet-0943024a0b6731682",
                            "tags.%": "1",
                            "tags.Name": "DulaJenkinsSlave",
                            "tenancy": "default",
                            "volume_tags.%": "0",
                            "vpc_security_group_ids.#": "1",
                            "vpc_security_group_ids.4207895921": "sg-001d29fac0478f127"
                        },
                        "meta": {
                            "e2bfb730-ecaa-11e6-8f88-34363bc7c4c0": {
                                "create": 600000000000,
                                "delete": 1200000000000,
                                "update": 600000000000
                            },
                            "schema_version": "1"
                        },
                        "tainted": false
                    },
                    "deposed": [],
                    "provider": "provider.aws"
                },
                "aws_internet_gateway.gw": {
                    "type": "aws_internet_gateway",
                    "depends_on": [
                        "aws_vpc.main"
                    ],
                    "primary": {
                        "id": "igw-0a6be77e99fad7cfc",
                        "attributes": {
                            "id": "igw-0a6be77e99fad7cfc",
                            "owner_id": "969613056480",
                            "tags.%": "1",
                            "tags.Name": "ProductionDula",
                            "vpc_id": "vpc-0a8a7ea2df6a5e503"
                        },
                        "meta": {},
                        "tainted": false
                    },
                    "deposed": [],
                    "provider": "provider.aws"
                },
                "aws_key_pair.my-key": {
                    "type": "aws_key_pair",
                    "depends_on": [],
                    "primary": {
                        "id": "my-key",
                        "attributes": {
                            "fingerprint": "61:90:04:02:fa:79:02:fa:2d:d2:bc:b1:ad:44:5b:ba",
                            "id": "my-key",
                            "key_name": "my-key",
                            "public_key": "ssh-rsa AAAAB3NzaC1yc2EAAAADAQABAAABAQDVwYQmRvLgj6NBryjFpD+2SHQNyY0KuVFcqSUNTEqJKazzauSUzQWqFx5jdcPiHaMkAY3GSAknrWG92CrNDL5uLxx3i3d0IQvdb56p/n2GpsT+DchpkANqtrgaFVMClASZr0XcYq1YhzlBoz8rI8mAqlhK3Ls1l8ef9qanG1be1l9bo1kcX9PW0YvuiHD7oupHiJo/xu2roZozcHTfm051sqH+deW0Tbe1hGs4Da4X/aUTLpj8lQjP0HGT0kWOZgD53u86K1evi/VE6hkSje9EbX3Dg014fRYPK1fY0GxlYwXz0/Yk6D1BQ44QxKSJkhvRUnKpk5cckBFyd9VeIBCT dulad@Wednesday.local"
                        },
                        "meta": {
                            "schema_version": "1"
                        },
                        "tainted": false
                    },
                    "deposed": [],
                    "provider": "provider.aws"
                },
                "aws_route_table.r": {
                    "type": "aws_route_table",
                    "depends_on": [
                        "aws_internet_gateway.gw",
                        "aws_vpc.main"
                    ],
                    "primary": {
                        "id": "rtb-0a736e29390bd97c5",
                        "attributes": {
                            "id": "rtb-0a736e29390bd97c5",
                            "owner_id": "969613056480",
                            "propagating_vgws.#": "0",
                            "route.#": "1",
                            "route.1527875355.cidr_block": "0.0.0.0/0",
                            "route.1527875355.egress_only_gateway_id": "",
                            "route.1527875355.gateway_id": "igw-0a6be77e99fad7cfc",
                            "route.1527875355.instance_id": "",
                            "route.1527875355.ipv6_cidr_block": "",
                            "route.1527875355.nat_gateway_id": "",
                            "route.1527875355.network_interface_id": "",
                            "route.1527875355.transit_gateway_id": "",
                            "route.1527875355.vpc_peering_connection_id": "",
                            "tags.%": "1",
                            "tags.Name": "mainroutedula",
                            "vpc_id": "vpc-0a8a7ea2df6a5e503"
                        },
                        "meta": {},
                        "tainted": false
                    },
                    "deposed": [],
                    "provider": "provider.aws"
                },
                "aws_route_table_association.rtb": {
                    "type": "aws_route_table_association",
                    "depends_on": [
                        "aws_route_table.r",
                        "aws_subnet.main"
                    ],
                    "primary": {
                        "id": "rtbassoc-0e27027736ce83a37",
                        "attributes": {
                            "id": "rtbassoc-0e27027736ce83a37",
                            "route_table_id": "rtb-0a736e29390bd97c5",
                            "subnet_id": "subnet-0943024a0b6731682"
                        },
                        "meta": {},
                        "tainted": false
                    },
                    "deposed": [],
                    "provider": "provider.aws"
                },
                "aws_security_group.allow_outgoing": {
                    "type": "aws_security_group",
                    "depends_on": [
                        "aws_vpc.main"
                    ],
                    "primary": {
                        "id": "sg-001d29fac0478f127",
                        "attributes": {
                            "arn": "arn:aws:ec2:eu-west-1:969613056480:security-group/sg-001d29fac0478f127",
                            "description": "Managed by Terraform",
                            "egress.#": "1",
                            "egress.482069346.cidr_blocks.#": "1",
                            "egress.482069346.cidr_blocks.0": "0.0.0.0/0",
                            "egress.482069346.description": "",
                            "egress.482069346.from_port": "0",
                            "egress.482069346.ipv6_cidr_blocks.#": "0",
                            "egress.482069346.prefix_list_ids.#": "0",
                            "egress.482069346.protocol": "-1",
                            "egress.482069346.security_groups.#": "0",
                            "egress.482069346.self": "false",
                            "egress.482069346.to_port": "0",
                            "id": "sg-001d29fac0478f127",
                            "ingress.#": "1",
                            "ingress.482069346.cidr_blocks.#": "1",
                            "ingress.482069346.cidr_blocks.0": "0.0.0.0/0",
                            "ingress.482069346.description": "",
                            "ingress.482069346.from_port": "0",
                            "ingress.482069346.ipv6_cidr_blocks.#": "0",
                            "ingress.482069346.prefix_list_ids.#": "0",
                            "ingress.482069346.protocol": "-1",
                            "ingress.482069346.security_groups.#": "0",
                            "ingress.482069346.self": "false",
                            "ingress.482069346.to_port": "0",
                            "name": "allow_outgoing",
                            "owner_id": "969613056480",
                            "revoke_rules_on_delete": "false",
                            "tags.%": "0",
                            "vpc_id": "vpc-0a8a7ea2df6a5e503"
                        },
                        "meta": {
                            "e2bfb730-ecaa-11e6-8f88-34363bc7c4c0": {
                                "create": 600000000000,
                                "delete": 600000000000
                            },
                            "schema_version": "1"
                        },
                        "tainted": false
                    },
                    "deposed": [],
                    "provider": "provider.aws"
                },
                "aws_subnet.main": {
                    "type": "aws_subnet",
                    "depends_on": [
                        "aws_vpc.main"
                    ],
                    "primary": {
                        "id": "subnet-0943024a0b6731682",
                        "attributes": {
                            "arn": "arn:aws:ec2:eu-west-1:969613056480:subnet/subnet-0943024a0b6731682",
                            "assign_ipv6_address_on_creation": "false",
                            "availability_zone": "eu-west-1c",
                            "availability_zone_id": "euw1-az3",
                            "cidr_block": "10.0.1.0/24",
                            "id": "subnet-0943024a0b6731682",
                            "ipv6_cidr_block": "",
                            "ipv6_cidr_block_association_id": "",
                            "map_public_ip_on_launch": "false",
                            "owner_id": "969613056480",
                            "tags.%": "1",
                            "tags.Name": "PublicSubnetDula",
                            "vpc_id": "vpc-0a8a7ea2df6a5e503"
                        },
                        "meta": {
                            "e2bfb730-ecaa-11e6-8f88-34363bc7c4c0": {
                                "create": 600000000000,
                                "delete": 600000000000
                            },
                            "schema_version": "1"
                        },
                        "tainted": false
                    },
                    "deposed": [],
                    "provider": "provider.aws"
                },
                "aws_vpc.main": {
                    "type": "aws_vpc",
                    "depends_on": [],
                    "primary": {
                        "id": "vpc-0a8a7ea2df6a5e503",
                        "attributes": {
                            "arn": "arn:aws:ec2:eu-west-1:969613056480:vpc/vpc-0a8a7ea2df6a5e503",
                            "assign_generated_ipv6_cidr_block": "false",
                            "cidr_block": "10.0.0.0/16",
                            "default_network_acl_id": "acl-054ba0bc41e0815ef",
                            "default_route_table_id": "rtb-0eb53b4d80b96f480",
                            "default_security_group_id": "sg-0fdd853885ff103c9",
                            "dhcp_options_id": "dopt-ed8ceb8b",
                            "enable_classiclink": "false",
                            "enable_classiclink_dns_support": "false",
                            "enable_dns_hostnames": "true",
                            "enable_dns_support": "true",
                            "id": "vpc-0a8a7ea2df6a5e503",
                            "instance_tenancy": "default",
                            "ipv6_association_id": "",
                            "ipv6_cidr_block": "",
                            "main_route_table_id": "rtb-0eb53b4d80b96f480",
                            "owner_id": "969613056480",
                            "tags.%": "1",
                            "tags.Name": "ProductionDula"
                        },
                        "meta": {
                            "schema_version": "1"
                        },
                        "tainted": false
                    },
                    "deposed": [],
                    "provider": "provider.aws"
                }
            },
            "depends_on": []
        }
    ]
}
